
Microsoft Visual Studio Solution File, Format Version 12.00
# Visual Studio Version 17
VisualStudioVersion = 17.3.32929.385
MinimumVisualStudioVersion = 10.0.40219.1
Project("{FAE04EC0-301F-11D3-BF4B-00C04F79EFBC}") = "kingsprinter", "kingsprinter\kingsprinter.csproj", "{BE1D629A-2FA4-4FC1-8B9D-447337133BE4}"
EndProject
Global
	GlobalSection(SolutionConfigurationPlatforms) = preSolution
		Debug|Any CPU = Debug|Any CPU
		Release|Any CPU = Release|Any CPU
	EndGlobalSection
	GlobalSection(ProjectConfigurationPlatforms) = postSolution
		{BE1D629A-2FA4-4FC1-8B9D-447337133BE4}.Debug|Any CPU.ActiveCfg = Debug|Any CPU
		{BE1D629A-2FA4-4FC1-8B9D-447337133BE4}.Debug|Any CPU.Build.0 = Debug|Any CPU
		{BE1D629A-2FA4-4FC1-8B9D-447337133BE4}.Release|Any CPU.ActiveCfg = Release|Any CPU
		{BE1D629A-2FA4-4FC1-8B9D-447337133BE4}.Release|Any CPU.Build.0 = Release|Any CPU
	EndGlobalSection
	GlobalSection(SolutionProperties) = preSolution
		HideSolutionNode = FALSE
	EndGlobalSection
	GlobalSection(ExtensibilityGlobals) = postSolution
		SolutionGuid = {E93B4B8E-E6D6-4DFD-81C6-E1E255D2DD8C}
	EndGlobalSection
EndGlobal
